
Microsoft Visual Studio Solution File, Format Version 12.00
# Visual Studio Version 17
VisualStudioVersion = 17.11.35219.272
MinimumVisualStudioVersion = 10.0.40219.1
Project("{FAE04EC0-301F-11D3-BF4B-00C04F79EFBC}") = "Baitap05", "Baitap05\Baitap05.csproj", "{F91FD052-086A-45C2-BD0B-EF2D585F126B}"
EndProject
Global
	GlobalSection(SolutionConfigurationPlatforms) = preSolution
		Debug|Any CPU = Debug|Any CPU
		Release|Any CPU = Release|Any CPU
	EndGlobalSection
	GlobalSection(ProjectConfigurationPlatforms) = postSolution
		{F91FD052-086A-45C2-BD0B-EF2D585F126B}.Debug|Any CPU.ActiveCfg = Debug|Any CPU
		{F91FD052-086A-45C2-BD0B-EF2D585F126B}.Debug|Any CPU.Build.0 = Debug|Any CPU
		{F91FD052-086A-45C2-BD0B-EF2D585F126B}.Release|Any CPU.ActiveCfg = Release|Any CPU
		{F91FD052-086A-45C2-BD0B-EF2D585F126B}.Release|Any CPU.Build.0 = Release|Any CPU
	EndGlobalSection
	GlobalSection(SolutionProperties) = preSolution
		HideSolutionNode = FALSE
	EndGlobalSection
	GlobalSection(ExtensibilityGlobals) = postSolution
		SolutionGuid = {0F044D53-88BA-48B1-B312-583E69A1ED00}
	EndGlobalSection
EndGlobal
