
Microsoft Visual Studio Solution File, Format Version 12.00
# Visual Studio Version 17
VisualStudioVersion = 17.11.35219.272
MinimumVisualStudioVersion = 10.0.40219.1
Project("{FAE04EC0-301F-11D3-BF4B-00C04F79EFBC}") = "Baitap01", "Baitap01\Baitap01.csproj", "{9F64A9EC-1E6F-4809-A096-098654A370D8}"
EndProject
Global
	GlobalSection(SolutionConfigurationPlatforms) = preSolution
		Debug|Any CPU = Debug|Any CPU
		Release|Any CPU = Release|Any CPU
	EndGlobalSection
	GlobalSection(ProjectConfigurationPlatforms) = postSolution
		{9F64A9EC-1E6F-4809-A096-098654A370D8}.Debug|Any CPU.ActiveCfg = Debug|Any CPU
		{9F64A9EC-1E6F-4809-A096-098654A370D8}.Debug|Any CPU.Build.0 = Debug|Any CPU
		{9F64A9EC-1E6F-4809-A096-098654A370D8}.Release|Any CPU.ActiveCfg = Release|Any CPU
		{9F64A9EC-1E6F-4809-A096-098654A370D8}.Release|Any CPU.Build.0 = Release|Any CPU
	EndGlobalSection
	GlobalSection(SolutionProperties) = preSolution
		HideSolutionNode = FALSE
	EndGlobalSection
	GlobalSection(ExtensibilityGlobals) = postSolution
		SolutionGuid = {7BC63B03-B0F3-4454-9CA2-5F77166FB0CD}
	EndGlobalSection
EndGlobal
